
Microsoft Visual Studio Solution File, Format Version 12.00
# Visual Studio Version 17
VisualStudioVersion = 17.1.32228.430
MinimumVisualStudioVersion = 10.0.40219.1
Project("{2150E333-8FDC-42A3-9474-1A3956D46DE8}") = "Build", "Build", "{CEB660B7-651B-4E05-A058-D2F04064580F}"
	ProjectSection(SolutionItems) = preProject
		global.json = global.json
	EndProjectSection
EndProject
Project("{9A19103F-16F7-4668-BE54-9A1E7A4F7556}") = "UiPath.Extensions.CommandLine.E2E.Tests", "UiPath.Extensions.CommandLine.E2E.Tests\UiPath.Extensions.CommandLine.E2E.Tests.csproj", "{F34E16DF-FA46-4366-8527-B224E175C676}"
EndProject
Global
	GlobalSection(SolutionConfigurationPlatforms) = preSolution
		Debug|Any CPU = Debug|Any CPU
		Debug|x64 = Debug|x64
		Release|Any CPU = Release|Any CPU
		Release|x64 = Release|x64
	EndGlobalSection
	GlobalSection(ProjectConfigurationPlatforms) = postSolution
		{F34E16DF-FA46-4366-8527-B224E175C676}.Debug|Any CPU.ActiveCfg = Debug|Any CPU
		{F34E16DF-FA46-4366-8527-B224E175C676}.Debug|Any CPU.Build.0 = Debug|Any CPU
		{F34E16DF-FA46-4366-8527-B224E175C676}.Debug|x64.ActiveCfg = Debug|x64
		{F34E16DF-FA46-4366-8527-B224E175C676}.Debug|x64.Build.0 = Debug|x64
		{F34E16DF-FA46-4366-8527-B224E175C676}.Release|Any CPU.ActiveCfg = Release|Any CPU
		{F34E16DF-FA46-4366-8527-B224E175C676}.Release|Any CPU.Build.0 = Release|Any CPU
		{F34E16DF-FA46-4366-8527-B224E175C676}.Release|x64.ActiveCfg = Release|x64
		{F34E16DF-FA46-4366-8527-B224E175C676}.Release|x64.Build.0 = Release|x64
	EndGlobalSection
	GlobalSection(SolutionProperties) = preSolution
		HideSolutionNode = FALSE
	EndGlobalSection
	GlobalSection(ExtensibilityGlobals) = postSolution
		SolutionGuid = {63D60B2B-01FD-4965-BD7D-B5BB026E6F0A}
	EndGlobalSection
EndGlobal
